{
  "name": "bimplus-embedded-issue-example",
  "version": "0.0.1",
  "lockfileVersion": 3,
  "requires": true,
  "packages": {
    "": {
      "name": "bimplus-embedded-issue-example",
      "version": "0.0.1",
      "license": "MIT",
      "devDependencies": {
        "bimplus-webclient": "0.1.57",
        "bimplus-websdk": "1.0.46",
        "jquery": "3.7.1",
        "requirejs": "2.3.7"
      }
    },
    "node_modules/async": {
      "version": "3.2.6",
      "resolved": "https://registry.npmjs.org/async/-/async-3.2.6.tgz",
      "integrity": "sha512-htCUDlxyyCLMgaM3xXg0C0LW2xqfuQ6p05pCEIsXuyQ+a1koYKTuBMzRNwmybfLgvJDMd0r1LTn4+E0Ti6C2AA==",
      "dev": true,
      "license": "MIT"
    },
    "node_modules/bimplus-webclient": {
      "version": "0.1.57",
      "resolved": "https://registry.npmjs.org/bimplus-webclient/-/bimplus-webclient-0.1.57.tgz",
      "integrity": "sha512-B28xieNCOWMtAqokDF14DK2X3NpWdc1URqYFQnwMejkdWyOI3GxitRDdnfOZXrdYvYrY9fi5faBP0MqJaqIBUQ==",
      "dev": true,
      "license": "MIT",
      "dependencies": {
        "jquery": "3.7.1"
      }
    },
    "node_modules/bimplus-websdk": {
      "version": "1.0.46",
      "resolved": "https://registry.npmjs.org/bimplus-websdk/-/bimplus-websdk-1.0.46.tgz",
      "integrity": "sha512-k1uFbmfH7ECMY1lDSWtfqGGt1FpNw7mVrltx8ScH4pKJgZokJYpQw4b3ahByANhUIwRAEbx8XxkTeEKqEtSMpQ==",
      "dev": true,
      "license": "MIT",
      "dependencies": {
        "async": "^3.2.6",
        "dexie": "4.0.11",
        "jquery": "3.7.1"
      }
    },
    "node_modules/dexie": {
      "version": "4.0.11",
      "resolved": "https://registry.npmjs.org/dexie/-/dexie-4.0.11.tgz",
      "integrity": "sha512-SOKO002EqlvBYYKQSew3iymBoN2EQ4BDw/3yprjh7kAfFzjBYkaMNa/pZvcA7HSWlcKSQb9XhPe3wKyQ0x4A8A==",
      "dev": true,
      "license": "Apache-2.0"
    },
    "node_modules/jquery": {
      "version": "3.7.1",
      "resolved": "https://registry.npmjs.org/jquery/-/jquery-3.7.1.tgz",
      "integrity": "sha512-m4avr8yL8kmFN8psrbFFFmB/If14iN5o9nw/NgnnM+kybDJpRsAynV2BsfpTYrTRysYUdADVD7CkUUizgkpLfg==",
      "dev": true,
      "license": "MIT"
    },
    "node_modules/requirejs": {
      "version": "2.3.7",
      "resolved": "https://registry.npmjs.org/requirejs/-/requirejs-2.3.7.tgz",
      "integrity": "sha512-DouTG8T1WanGok6Qjg2SXuCMzszOo0eHeH9hDZ5Y4x8Je+9JB38HdTLT4/VA8OaUhBa0JPVHJ0pyBkM1z+pDsw==",
      "dev": true,
      "license": "MIT",
      "bin": {
        "r_js": "bin/r.js",
        "r.js": "bin/r.js"
      },
      "engines": {
        "node": ">=0.4.0"
      }
    }
  }
}
